
Microsoft Visual Studio Solution File, Format Version 12.00
# Visual Studio Version 17
VisualStudioVersion = 17.2.32516.85
MinimumVisualStudioVersion = 10.0.40219.1
Project("{FAE04EC0-301F-11D3-BF4B-00C04F79EFBC}") = "2022 Day 13 - Parsing and Comparing Packets", "2022 Day 13 - Parsing and Comparing Packets\2022 Day 13 - Parsing and Comparing Packets.csproj", "{8957A08B-A2FD-4556-9A83-4C3DCE6112DB}"
EndProject
Global
	GlobalSection(SolutionConfigurationPlatforms) = preSolution
		Debug|Any CPU = Debug|Any CPU
		Release|Any CPU = Release|Any CPU
	EndGlobalSection
	GlobalSection(ProjectConfigurationPlatforms) = postSolution
		{8957A08B-A2FD-4556-9A83-4C3DCE6112DB}.Debug|Any CPU.ActiveCfg = Debug|Any CPU
		{8957A08B-A2FD-4556-9A83-4C3DCE6112DB}.Debug|Any CPU.Build.0 = Debug|Any CPU
		{8957A08B-A2FD-4556-9A83-4C3DCE6112DB}.Release|Any CPU.ActiveCfg = Release|Any CPU
		{8957A08B-A2FD-4556-9A83-4C3DCE6112DB}.Release|Any CPU.Build.0 = Release|Any CPU
	EndGlobalSection
	GlobalSection(SolutionProperties) = preSolution
		HideSolutionNode = FALSE
	EndGlobalSection
	GlobalSection(ExtensibilityGlobals) = postSolution
		SolutionGuid = {A4A47DE3-D0CF-4CBF-9E62-8F240FD7BBFD}
	EndGlobalSection
EndGlobal
